{
  "name": "ts-serializer-test",
  "version": "1.0.0",
  "lockfileVersion": 2,
  "requires": true,
  "packages": {
    "": {
      "version": "1.0.0",
      "license": "ISC",
      "dependencies": {
        "typescript-json-serializer": "^3.2.1"
      }
    },
    "node_modules/reflect-metadata": {
      "version": "0.1.13",
      "resolved": "https://registry.npmjs.org/reflect-metadata/-/reflect-metadata-0.1.13.tgz",
      "integrity": "sha512-Ts1Y/anZELhSsjMcU605fU9RE4Oi3p5ORujwbIKXfWa+0Zxs510Qrmrce5/Jowq3cHSZSJqBjypxmHarc+vEWg=="
    },
    "node_modules/typescript-json-serializer": {
      "version": "3.2.1",
      "resolved": "https://registry.npmjs.org/typescript-json-serializer/-/typescript-json-serializer-3.2.1.tgz",
      "integrity": "sha512-ies7x9U+iuuCLrxdMUryfhD7/GVS6HzaDTetlHyuK872dVEpPDzLDieYyighLL+CLe5gF/+pTnhACt2qH6hCwA==",
      "dependencies": {
        "reflect-metadata": "^0.1.13"
      }
    }
  },
  "dependencies": {
    "reflect-metadata": {
      "version": "0.1.13",
      "resolved": "https://registry.npmjs.org/reflect-metadata/-/reflect-metadata-0.1.13.tgz",
      "integrity": "sha512-Ts1Y/anZELhSsjMcU605fU9RE4Oi3p5ORujwbIKXfWa+0Zxs510Qrmrce5/Jowq3cHSZSJqBjypxmHarc+vEWg=="
    },
    "typescript-json-serializer": {
      "version": "3.2.1",
      "resolved": "https://registry.npmjs.org/typescript-json-serializer/-/typescript-json-serializer-3.2.1.tgz",
      "integrity": "sha512-ies7x9U+iuuCLrxdMUryfhD7/GVS6HzaDTetlHyuK872dVEpPDzLDieYyighLL+CLe5gF/+pTnhACt2qH6hCwA==",
      "requires": {
        "reflect-metadata": "^0.1.13"
      }
    }
  }
}
